
Microsoft Visual Studio Solution File, Format Version 12.00
# Visual Studio Version 16
VisualStudioVersion = 16.0.31129.286
MinimumVisualStudioVersion = 10.0.40219.1
Project("{FAE04EC0-301F-11D3-BF4B-00C04F79EFBC}") = "Strings", "Strings\Strings.csproj", "{50E8060B-EDAE-4746-A2D8-0474ADF1516A}"
EndProject
Global
	GlobalSection(SolutionConfigurationPlatforms) = preSolution
		Debug|Any CPU = Debug|Any CPU
		Release|Any CPU = Release|Any CPU
	EndGlobalSection
	GlobalSection(ProjectConfigurationPlatforms) = postSolution
		{50E8060B-EDAE-4746-A2D8-0474ADF1516A}.Debug|Any CPU.ActiveCfg = Debug|Any CPU
		{50E8060B-EDAE-4746-A2D8-0474ADF1516A}.Debug|Any CPU.Build.0 = Debug|Any CPU
		{50E8060B-EDAE-4746-A2D8-0474ADF1516A}.Release|Any CPU.ActiveCfg = Release|Any CPU
		{50E8060B-EDAE-4746-A2D8-0474ADF1516A}.Release|Any CPU.Build.0 = Release|Any CPU
	EndGlobalSection
	GlobalSection(SolutionProperties) = preSolution
		HideSolutionNode = FALSE
	EndGlobalSection
	GlobalSection(ExtensibilityGlobals) = postSolution
		SolutionGuid = {1F457401-AFF7-4A0D-BE9D-BEE03CF3AB24}
	EndGlobalSection
EndGlobal
